
Microsoft Visual Studio Solution File, Format Version 12.00
# Visual Studio Version 17
VisualStudioVersion = 17.5.33627.172
MinimumVisualStudioVersion = 10.0.40219.1
Project("{F2A71F9B-5D33-465A-A702-920D77279786}") = "Mango.Web", "Mango.Web\Mango.Web.fsproj", "{897517C7-A881-4B90-BD36-68D052E1D59E}"
EndProject
Project("{2150E333-8FDC-42A3-9474-1A3956D46DE8}") = "Services", "Services", "{A4F7001F-C383-4B62-8053-D78B4CC12631}"
EndProject
Project("{FAE04EC0-301F-11D3-BF4B-00C04F79EFBC}") = "Mango.Services.ProductAPI", "Mango.Services.ProductAPI\Mango.Services.ProductAPI.csproj", "{D88B3BE4-6A42-4254-8134-2B599DD1C801}"
EndProject
Project("{2150E333-8FDC-42A3-9474-1A3956D46DE8}") = "FrontEnd", "FrontEnd", "{9B1A762F-9C1E-4570-9B64-B144B2E47A3F}"
EndProject
Global
	GlobalSection(SolutionConfigurationPlatforms) = preSolution
		Debug|Any CPU = Debug|Any CPU
		Release|Any CPU = Release|Any CPU
	EndGlobalSection
	GlobalSection(ProjectConfigurationPlatforms) = postSolution
		{897517C7-A881-4B90-BD36-68D052E1D59E}.Debug|Any CPU.ActiveCfg = Debug|Any CPU
		{897517C7-A881-4B90-BD36-68D052E1D59E}.Debug|Any CPU.Build.0 = Debug|Any CPU
		{897517C7-A881-4B90-BD36-68D052E1D59E}.Release|Any CPU.ActiveCfg = Release|Any CPU
		{897517C7-A881-4B90-BD36-68D052E1D59E}.Release|Any CPU.Build.0 = Release|Any CPU
		{D88B3BE4-6A42-4254-8134-2B599DD1C801}.Debug|Any CPU.ActiveCfg = Debug|Any CPU
		{D88B3BE4-6A42-4254-8134-2B599DD1C801}.Debug|Any CPU.Build.0 = Debug|Any CPU
		{D88B3BE4-6A42-4254-8134-2B599DD1C801}.Release|Any CPU.ActiveCfg = Release|Any CPU
		{D88B3BE4-6A42-4254-8134-2B599DD1C801}.Release|Any CPU.Build.0 = Release|Any CPU
	EndGlobalSection
	GlobalSection(SolutionProperties) = preSolution
		HideSolutionNode = FALSE
	EndGlobalSection
	GlobalSection(NestedProjects) = preSolution
		{897517C7-A881-4B90-BD36-68D052E1D59E} = {9B1A762F-9C1E-4570-9B64-B144B2E47A3F}
		{D88B3BE4-6A42-4254-8134-2B599DD1C801} = {A4F7001F-C383-4B62-8053-D78B4CC12631}
	EndGlobalSection
	GlobalSection(ExtensibilityGlobals) = postSolution
		SolutionGuid = {AF11638D-171D-4CC0-A2D7-E20A26DAD383}
	EndGlobalSection
EndGlobal
